
Microsoft Visual Studio Solution File, Format Version 12.00
# Visual Studio 15
Project("{FAE04EC0-301F-11D3-BF4B-00C04F79EFBC}") = "05_switchStatement", "05_switchStatement\05_switchStatement.csproj", "{139B3225-6575-474D-B8AD-B1D8962A46D9}"
EndProject
Global
	GlobalSection(SolutionConfigurationPlatforms) = preSolution
		Debug|Any CPU = Debug|Any CPU
		Release|Any CPU = Release|Any CPU
	EndGlobalSection
	GlobalSection(ProjectConfigurationPlatforms) = postSolution
		{139B3225-6575-474D-B8AD-B1D8962A46D9}.Debug|Any CPU.ActiveCfg = Debug|Any CPU
		{139B3225-6575-474D-B8AD-B1D8962A46D9}.Debug|Any CPU.Build.0 = Debug|Any CPU
		{139B3225-6575-474D-B8AD-B1D8962A46D9}.Release|Any CPU.ActiveCfg = Release|Any CPU
		{139B3225-6575-474D-B8AD-B1D8962A46D9}.Release|Any CPU.Build.0 = Release|Any CPU
	EndGlobalSection
EndGlobal
