
Microsoft Visual Studio Solution File, Format Version 12.00
# Visual Studio 15
Project("{FAE04EC0-301F-11D3-BF4B-00C04F79EFBC}") = "01_exception_handling", "01_exception_handling\01_exception_handling.csproj", "{A3E08D2B-2333-4940-9297-E3A98E26779F}"
EndProject
Global
	GlobalSection(SolutionConfigurationPlatforms) = preSolution
		Debug|Any CPU = Debug|Any CPU
		Release|Any CPU = Release|Any CPU
	EndGlobalSection
	GlobalSection(ProjectConfigurationPlatforms) = postSolution
		{A3E08D2B-2333-4940-9297-E3A98E26779F}.Debug|Any CPU.ActiveCfg = Debug|Any CPU
		{A3E08D2B-2333-4940-9297-E3A98E26779F}.Debug|Any CPU.Build.0 = Debug|Any CPU
		{A3E08D2B-2333-4940-9297-E3A98E26779F}.Release|Any CPU.ActiveCfg = Release|Any CPU
		{A3E08D2B-2333-4940-9297-E3A98E26779F}.Release|Any CPU.Build.0 = Release|Any CPU
	EndGlobalSection
EndGlobal
