
Microsoft Visual Studio Solution File, Format Version 12.00
# Visual Studio 15
Project("{FAE04EC0-301F-11D3-BF4B-00C04F79EFBC}") = "06_challenge", "06_challenge\06_challenge.csproj", "{BE2889DC-1A13-4EB4-B035-40E309AB25CC}"
EndProject
Global
	GlobalSection(SolutionConfigurationPlatforms) = preSolution
		Debug|Any CPU = Debug|Any CPU
		Release|Any CPU = Release|Any CPU
	EndGlobalSection
	GlobalSection(ProjectConfigurationPlatforms) = postSolution
		{BE2889DC-1A13-4EB4-B035-40E309AB25CC}.Debug|Any CPU.ActiveCfg = Debug|Any CPU
		{BE2889DC-1A13-4EB4-B035-40E309AB25CC}.Debug|Any CPU.Build.0 = Debug|Any CPU
		{BE2889DC-1A13-4EB4-B035-40E309AB25CC}.Release|Any CPU.ActiveCfg = Release|Any CPU
		{BE2889DC-1A13-4EB4-B035-40E309AB25CC}.Release|Any CPU.Build.0 = Release|Any CPU
	EndGlobalSection
EndGlobal
