
Microsoft Visual Studio Solution File, Format Version 12.00
# Visual Studio 15
Project("{FAE04EC0-301F-11D3-BF4B-00C04F79EFBC}") = "06_constructors", "06_constructors\06_constructors.csproj", "{74982D2B-04EA-44F2-A623-E28C1DCE94AF}"
EndProject
Global
	GlobalSection(SolutionConfigurationPlatforms) = preSolution
		Debug|Any CPU = Debug|Any CPU
		Release|Any CPU = Release|Any CPU
	EndGlobalSection
	GlobalSection(ProjectConfigurationPlatforms) = postSolution
		{74982D2B-04EA-44F2-A623-E28C1DCE94AF}.Debug|Any CPU.ActiveCfg = Debug|Any CPU
		{74982D2B-04EA-44F2-A623-E28C1DCE94AF}.Debug|Any CPU.Build.0 = Debug|Any CPU
		{74982D2B-04EA-44F2-A623-E28C1DCE94AF}.Release|Any CPU.ActiveCfg = Release|Any CPU
		{74982D2B-04EA-44F2-A623-E28C1DCE94AF}.Release|Any CPU.Build.0 = Release|Any CPU
	EndGlobalSection
EndGlobal
