
Microsoft Visual Studio Solution File, Format Version 12.00
# Visual Studio 15
Project("{FAE04EC0-301F-11D3-BF4B-00C04F79EFBC}") = "login_challenge", "login_challenge\login_challenge.csproj", "{089CB90E-74F9-42E0-B330-EB4081D7344B}"
EndProject
Global
	GlobalSection(SolutionConfigurationPlatforms) = preSolution
		Debug|Any CPU = Debug|Any CPU
		Release|Any CPU = Release|Any CPU
	EndGlobalSection
	GlobalSection(ProjectConfigurationPlatforms) = postSolution
		{089CB90E-74F9-42E0-B330-EB4081D7344B}.Debug|Any CPU.ActiveCfg = Debug|Any CPU
		{089CB90E-74F9-42E0-B330-EB4081D7344B}.Debug|Any CPU.Build.0 = Debug|Any CPU
		{089CB90E-74F9-42E0-B330-EB4081D7344B}.Release|Any CPU.ActiveCfg = Release|Any CPU
		{089CB90E-74F9-42E0-B330-EB4081D7344B}.Release|Any CPU.Build.0 = Release|Any CPU
	EndGlobalSection
EndGlobal
